
Microsoft Visual Studio Solution File, Format Version 12.00
Project("{FAE04EC0-301F-11D3-BF4B-00C04F79EFBC}") = "Application", "Application\Application.csproj", "{DE3A50BD-F260-46E1-AC56-B57D3F6EA6A2}"
EndProject
Global
	GlobalSection(SolutionConfigurationPlatforms) = preSolution
		Debug|Any CPU = Debug|Any CPU
		Release|Any CPU = Release|Any CPU
	EndGlobalSection
	GlobalSection(ProjectConfigurationPlatforms) = postSolution
		{DE3A50BD-F260-46E1-AC56-B57D3F6EA6A2}.Debug|Any CPU.ActiveCfg = Debug|Any CPU
		{DE3A50BD-F260-46E1-AC56-B57D3F6EA6A2}.Debug|Any CPU.Build.0 = Debug|Any CPU
		{DE3A50BD-F260-46E1-AC56-B57D3F6EA6A2}.Release|Any CPU.ActiveCfg = Release|Any CPU
		{DE3A50BD-F260-46E1-AC56-B57D3F6EA6A2}.Release|Any CPU.Build.0 = Release|Any CPU
	EndGlobalSection
EndGlobal
